
Microsoft Visual Studio Solution File, Format Version 12.00
# Visual Studio Version 18
VisualStudioVersion = 18.2.11415.280 d18.0
MinimumVisualStudioVersion = 10.0.40219.1
Project("{F184B08F-C81C-45F6-A57F-5ABD9991F28F}") = "KP2", "KP2\KP2.vbproj", "{89A85A65-5342-4E37-9EF2-4A9F31BA924C}"
EndProject
Global
	GlobalSection(SolutionConfigurationPlatforms) = preSolution
		Debug|Any CPU = Debug|Any CPU
		Release|Any CPU = Release|Any CPU
	EndGlobalSection
	GlobalSection(ProjectConfigurationPlatforms) = postSolution
		{89A85A65-5342-4E37-9EF2-4A9F31BA924C}.Debug|Any CPU.ActiveCfg = Debug|Any CPU
		{89A85A65-5342-4E37-9EF2-4A9F31BA924C}.Debug|Any CPU.Build.0 = Debug|Any CPU
		{89A85A65-5342-4E37-9EF2-4A9F31BA924C}.Release|Any CPU.ActiveCfg = Release|Any CPU
		{89A85A65-5342-4E37-9EF2-4A9F31BA924C}.Release|Any CPU.Build.0 = Release|Any CPU
	EndGlobalSection
	GlobalSection(SolutionProperties) = preSolution
		HideSolutionNode = FALSE
	EndGlobalSection
	GlobalSection(ExtensibilityGlobals) = postSolution
		SolutionGuid = {A8D5A94F-BCF9-452A-A4D1-1AD7A90C5F39}
	EndGlobalSection
EndGlobal
